
Microsoft Visual Studio Solution File, Format Version 12.00
# Visual Studio 2012
Project("{FAE04EC0-301F-11D3-BF4B-00C04F79EFBC}") = "Test", "Test\Test.csproj", "{B60EA10B-2055-498C-85CA-E481D8347DC9}"
EndProject
Project("{FAE04EC0-301F-11D3-BF4B-00C04F79EFBC}") = "ProblemLibrary", "..\ProblemLibrary\ProblemLibrary\ProblemLibrary.csproj", "{CF6F28F9-C32E-4D9C-A150-017582E8E6AC}"
EndProject
Global
	GlobalSection(SolutionConfigurationPlatforms) = preSolution
		Debug|Any CPU = Debug|Any CPU
		Release|Any CPU = Release|Any CPU
	EndGlobalSection
	GlobalSection(ProjectConfigurationPlatforms) = postSolution
		{B60EA10B-2055-498C-85CA-E481D8347DC9}.Debug|Any CPU.ActiveCfg = Debug|Any CPU
		{B60EA10B-2055-498C-85CA-E481D8347DC9}.Debug|Any CPU.Build.0 = Debug|Any CPU
		{B60EA10B-2055-498C-85CA-E481D8347DC9}.Release|Any CPU.ActiveCfg = Release|Any CPU
		{B60EA10B-2055-498C-85CA-E481D8347DC9}.Release|Any CPU.Build.0 = Release|Any CPU
		{CF6F28F9-C32E-4D9C-A150-017582E8E6AC}.Debug|Any CPU.ActiveCfg = Debug|Any CPU
		{CF6F28F9-C32E-4D9C-A150-017582E8E6AC}.Debug|Any CPU.Build.0 = Debug|Any CPU
		{CF6F28F9-C32E-4D9C-A150-017582E8E6AC}.Release|Any CPU.ActiveCfg = Release|Any CPU
		{CF6F28F9-C32E-4D9C-A150-017582E8E6AC}.Release|Any CPU.Build.0 = Release|Any CPU
	EndGlobalSection
	GlobalSection(SolutionProperties) = preSolution
		HideSolutionNode = FALSE
	EndGlobalSection
EndGlobal
