
Microsoft Visual Studio Solution File, Format Version 12.00
# Visual Studio 2012
Project("{FAE04EC0-301F-11D3-BF4B-00C04F79EFBC}") = "Problem3", "Problem3\Problem3.csproj", "{53DEB00F-5714-4F89-BFF3-BBCEF78C6974}"
EndProject
Project("{FAE04EC0-301F-11D3-BF4B-00C04F79EFBC}") = "PrimeNumbers", "..\PrimeNumbers\PrimeNumbers\PrimeNumbers.csproj", "{ECEC624F-92D9-4400-8971-D6A51E574415}"
EndProject
Global
	GlobalSection(SolutionConfigurationPlatforms) = preSolution
		Debug|Any CPU = Debug|Any CPU
		Release|Any CPU = Release|Any CPU
	EndGlobalSection
	GlobalSection(ProjectConfigurationPlatforms) = postSolution
		{53DEB00F-5714-4F89-BFF3-BBCEF78C6974}.Debug|Any CPU.ActiveCfg = Debug|Any CPU
		{53DEB00F-5714-4F89-BFF3-BBCEF78C6974}.Debug|Any CPU.Build.0 = Debug|Any CPU
		{53DEB00F-5714-4F89-BFF3-BBCEF78C6974}.Release|Any CPU.ActiveCfg = Release|Any CPU
		{53DEB00F-5714-4F89-BFF3-BBCEF78C6974}.Release|Any CPU.Build.0 = Release|Any CPU
		{ECEC624F-92D9-4400-8971-D6A51E574415}.Debug|Any CPU.ActiveCfg = Debug|Any CPU
		{ECEC624F-92D9-4400-8971-D6A51E574415}.Debug|Any CPU.Build.0 = Debug|Any CPU
		{ECEC624F-92D9-4400-8971-D6A51E574415}.Release|Any CPU.ActiveCfg = Release|Any CPU
		{ECEC624F-92D9-4400-8971-D6A51E574415}.Release|Any CPU.Build.0 = Release|Any CPU
	EndGlobalSection
	GlobalSection(SolutionProperties) = preSolution
		HideSolutionNode = FALSE
	EndGlobalSection
EndGlobal
