
Microsoft Visual Studio Solution File, Format Version 12.00
# Visual Studio 2012
Project("{FAE04EC0-301F-11D3-BF4B-00C04F79EFBC}") = "Problem2", "Problem2\Problem2.csproj", "{4FC3F725-A0BD-42E9-9147-0599420F2490}"
EndProject
Global
	GlobalSection(SolutionConfigurationPlatforms) = preSolution
		Debug|Any CPU = Debug|Any CPU
		Release|Any CPU = Release|Any CPU
	EndGlobalSection
	GlobalSection(ProjectConfigurationPlatforms) = postSolution
		{4FC3F725-A0BD-42E9-9147-0599420F2490}.Debug|Any CPU.ActiveCfg = Debug|Any CPU
		{4FC3F725-A0BD-42E9-9147-0599420F2490}.Debug|Any CPU.Build.0 = Debug|Any CPU
		{4FC3F725-A0BD-42E9-9147-0599420F2490}.Release|Any CPU.ActiveCfg = Release|Any CPU
		{4FC3F725-A0BD-42E9-9147-0599420F2490}.Release|Any CPU.Build.0 = Release|Any CPU
	EndGlobalSection
	GlobalSection(SolutionProperties) = preSolution
		HideSolutionNode = FALSE
	EndGlobalSection
EndGlobal
