
Microsoft Visual Studio Solution File, Format Version 12.00
# Visual Studio 2012
Project("{FAE04EC0-301F-11D3-BF4B-00C04F79EFBC}") = "Problem4", "Problem4\Problem4.csproj", "{C7E1D507-7F33-4D9C-8392-E2CD21273DB4}"
EndProject
Global
	GlobalSection(SolutionConfigurationPlatforms) = preSolution
		Debug|Any CPU = Debug|Any CPU
		Release|Any CPU = Release|Any CPU
	EndGlobalSection
	GlobalSection(ProjectConfigurationPlatforms) = postSolution
		{C7E1D507-7F33-4D9C-8392-E2CD21273DB4}.Debug|Any CPU.ActiveCfg = Debug|Any CPU
		{C7E1D507-7F33-4D9C-8392-E2CD21273DB4}.Debug|Any CPU.Build.0 = Debug|Any CPU
		{C7E1D507-7F33-4D9C-8392-E2CD21273DB4}.Release|Any CPU.ActiveCfg = Release|Any CPU
		{C7E1D507-7F33-4D9C-8392-E2CD21273DB4}.Release|Any CPU.Build.0 = Release|Any CPU
	EndGlobalSection
	GlobalSection(SolutionProperties) = preSolution
		HideSolutionNode = FALSE
	EndGlobalSection
EndGlobal
